
Microsoft Visual Studio Solution File, Format Version 12.00
# Visual Studio Version 16
VisualStudioVersion = 16.0.31410.357
MinimumVisualStudioVersion = 10.0.40219.1
Project("{00D1A9C2-B5F0-4AF3-8072-F6C62B433612}") = "DB", "DB\DB.sqlproj", "{47C9C9EE-D3E4-41BD-9C01-DC69F656AEBB}"
EndProject
Project("{9A19103F-16F7-4668-BE54-9A1E7A4F7556}") = "App", "App\App.csproj", "{0499DB86-24DD-4562-A54E-F9205E7567D7}"
EndProject
Project("{FAE04EC0-301F-11D3-BF4B-00C04F79EFBC}") = "Web", "Web\Web.csproj", "{B8A4D4A1-9CFF-4616-858C-2F938CAB7CED}"
EndProject
Project("{9A19103F-16F7-4668-BE54-9A1E7A4F7556}") = "XamarinAppExam", "XamarinAppExam\XamarinAppExam.csproj", "{A782BC4E-AD67-4067-BAA5-910E59BFF790}"
EndProject
Project("{FAE04EC0-301F-11D3-BF4B-00C04F79EFBC}") = "XamarinAppExam.Android", "XamarinAppExam.Android\XamarinAppExam.Android.csproj", "{AEA544FC-40B8-4892-A9FD-EC6FB7CC241E}"
EndProject
Global
	GlobalSection(SolutionConfigurationPlatforms) = preSolution
		Debug|Any CPU = Debug|Any CPU
		Release|Any CPU = Release|Any CPU
	EndGlobalSection
	GlobalSection(ProjectConfigurationPlatforms) = postSolution
		{47C9C9EE-D3E4-41BD-9C01-DC69F656AEBB}.Debug|Any CPU.ActiveCfg = Debug|Any CPU
		{47C9C9EE-D3E4-41BD-9C01-DC69F656AEBB}.Debug|Any CPU.Build.0 = Debug|Any CPU
		{47C9C9EE-D3E4-41BD-9C01-DC69F656AEBB}.Debug|Any CPU.Deploy.0 = Debug|Any CPU
		{47C9C9EE-D3E4-41BD-9C01-DC69F656AEBB}.Release|Any CPU.ActiveCfg = Release|Any CPU
		{47C9C9EE-D3E4-41BD-9C01-DC69F656AEBB}.Release|Any CPU.Build.0 = Release|Any CPU
		{47C9C9EE-D3E4-41BD-9C01-DC69F656AEBB}.Release|Any CPU.Deploy.0 = Release|Any CPU
		{0499DB86-24DD-4562-A54E-F9205E7567D7}.Debug|Any CPU.ActiveCfg = Debug|Any CPU
		{0499DB86-24DD-4562-A54E-F9205E7567D7}.Debug|Any CPU.Build.0 = Debug|Any CPU
		{0499DB86-24DD-4562-A54E-F9205E7567D7}.Release|Any CPU.ActiveCfg = Release|Any CPU
		{0499DB86-24DD-4562-A54E-F9205E7567D7}.Release|Any CPU.Build.0 = Release|Any CPU
		{B8A4D4A1-9CFF-4616-858C-2F938CAB7CED}.Debug|Any CPU.ActiveCfg = Debug|Any CPU
		{B8A4D4A1-9CFF-4616-858C-2F938CAB7CED}.Debug|Any CPU.Build.0 = Debug|Any CPU
		{B8A4D4A1-9CFF-4616-858C-2F938CAB7CED}.Release|Any CPU.ActiveCfg = Release|Any CPU
		{B8A4D4A1-9CFF-4616-858C-2F938CAB7CED}.Release|Any CPU.Build.0 = Release|Any CPU
		{A782BC4E-AD67-4067-BAA5-910E59BFF790}.Debug|Any CPU.ActiveCfg = Debug|Any CPU
		{A782BC4E-AD67-4067-BAA5-910E59BFF790}.Debug|Any CPU.Build.0 = Debug|Any CPU
		{A782BC4E-AD67-4067-BAA5-910E59BFF790}.Release|Any CPU.ActiveCfg = Release|Any CPU
		{A782BC4E-AD67-4067-BAA5-910E59BFF790}.Release|Any CPU.Build.0 = Release|Any CPU
		{AEA544FC-40B8-4892-A9FD-EC6FB7CC241E}.Debug|Any CPU.ActiveCfg = Debug|Any CPU
		{AEA544FC-40B8-4892-A9FD-EC6FB7CC241E}.Debug|Any CPU.Build.0 = Debug|Any CPU
		{AEA544FC-40B8-4892-A9FD-EC6FB7CC241E}.Debug|Any CPU.Deploy.0 = Debug|Any CPU
		{AEA544FC-40B8-4892-A9FD-EC6FB7CC241E}.Release|Any CPU.ActiveCfg = Release|Any CPU
		{AEA544FC-40B8-4892-A9FD-EC6FB7CC241E}.Release|Any CPU.Build.0 = Release|Any CPU
		{AEA544FC-40B8-4892-A9FD-EC6FB7CC241E}.Release|Any CPU.Deploy.0 = Release|Any CPU
	EndGlobalSection
	GlobalSection(SolutionProperties) = preSolution
		HideSolutionNode = FALSE
	EndGlobalSection
	GlobalSection(ExtensibilityGlobals) = postSolution
		SolutionGuid = {7488B7BA-7D4F-4D7C-924B-978E2F9BF4B9}
	EndGlobalSection
EndGlobal
